
Microsoft Visual Studio Solution File, Format Version 12.00
# Visual Studio 2013
VisualStudioVersion = 12.0.40629.0
MinimumVisualStudioVersion = 10.0.40219.1
Project("{FAE04EC0-301F-11D3-BF4B-00C04F79EFBC}") = "QuickTest", "QuickTest\QuickTest.csproj", "{5254EFE2-D591-479A-8698-EAFCDCFED48E}"
EndProject
Project("{FAE04EC0-301F-11D3-BF4B-00C04F79EFBC}") = "EsgynDB.Data", "EsgynDB.Data\EsgynDB.Data.csproj", "{51D6429C-E66A-4EC0-8502-DEAA1C667F1A}"
EndProject
Project("{FAE04EC0-301F-11D3-BF4B-00C04F79EFBC}") = "EsgynDB.Data.Tests", "EsgynDB.Data.Tests\EsgynDB.Data.Tests.csproj", "{0A5A6A5C-6976-43EF-95DA-D6CEE93968A6}"
EndProject
Project("{FAE04EC0-301F-11D3-BF4B-00C04F79EFBC}") = "EsgynDB.Data.ETL", "EsgynDB.Data.ETL\EsgynDB.Data.ETL.csproj", "{D01A6BE8-6E10-484B-A1EC-93EA0D3174CC}"
EndProject
Project("{2150E333-8FDC-42A3-9474-1A3956D46DE8}") = "Solution Items", "Solution Items", "{728F73D6-5290-4420-9CD6-3261170B874F}"
	ProjectSection(SolutionItems) = preProject
		EsgynDBProvider.vsmdi = EsgynDBProvider.vsmdi
		Local.testsettings = Local.testsettings
		TraceAndTestImpact.testsettings = TraceAndTestImpact.testsettings
	EndProjectSection
EndProject
Global
	GlobalSection(SolutionConfigurationPlatforms) = preSolution
		CD_ROM|Any CPU = CD_ROM|Any CPU
		Debug|Any CPU = Debug|Any CPU
		DVD-5|Any CPU = DVD-5|Any CPU
		Release|Any CPU = Release|Any CPU
		SingleImage|Any CPU = SingleImage|Any CPU
	EndGlobalSection
	GlobalSection(ProjectConfigurationPlatforms) = postSolution
		{5254EFE2-D591-479A-8698-EAFCDCFED48E}.CD_ROM|Any CPU.ActiveCfg = Release|Any CPU
		{5254EFE2-D591-479A-8698-EAFCDCFED48E}.CD_ROM|Any CPU.Build.0 = Release|Any CPU
		{5254EFE2-D591-479A-8698-EAFCDCFED48E}.Debug|Any CPU.ActiveCfg = Debug|Any CPU
		{5254EFE2-D591-479A-8698-EAFCDCFED48E}.Debug|Any CPU.Build.0 = Debug|Any CPU
		{5254EFE2-D591-479A-8698-EAFCDCFED48E}.DVD-5|Any CPU.ActiveCfg = Debug|Any CPU
		{5254EFE2-D591-479A-8698-EAFCDCFED48E}.DVD-5|Any CPU.Build.0 = Debug|Any CPU
		{5254EFE2-D591-479A-8698-EAFCDCFED48E}.Release|Any CPU.ActiveCfg = Release|Any CPU
		{5254EFE2-D591-479A-8698-EAFCDCFED48E}.Release|Any CPU.Build.0 = Release|Any CPU
		{5254EFE2-D591-479A-8698-EAFCDCFED48E}.SingleImage|Any CPU.ActiveCfg = Release|Any CPU
		{5254EFE2-D591-479A-8698-EAFCDCFED48E}.SingleImage|Any CPU.Build.0 = Release|Any CPU
		{51D6429C-E66A-4EC0-8502-DEAA1C667F1A}.CD_ROM|Any CPU.ActiveCfg = Release|Any CPU
		{51D6429C-E66A-4EC0-8502-DEAA1C667F1A}.CD_ROM|Any CPU.Build.0 = Release|Any CPU
		{51D6429C-E66A-4EC0-8502-DEAA1C667F1A}.Debug|Any CPU.ActiveCfg = Debug|Any CPU
		{51D6429C-E66A-4EC0-8502-DEAA1C667F1A}.Debug|Any CPU.Build.0 = Debug|Any CPU
		{51D6429C-E66A-4EC0-8502-DEAA1C667F1A}.DVD-5|Any CPU.ActiveCfg = Debug|Any CPU
		{51D6429C-E66A-4EC0-8502-DEAA1C667F1A}.DVD-5|Any CPU.Build.0 = Debug|Any CPU
		{51D6429C-E66A-4EC0-8502-DEAA1C667F1A}.Release|Any CPU.ActiveCfg = Release|Any CPU
		{51D6429C-E66A-4EC0-8502-DEAA1C667F1A}.Release|Any CPU.Build.0 = Release|Any CPU
		{51D6429C-E66A-4EC0-8502-DEAA1C667F1A}.SingleImage|Any CPU.ActiveCfg = Release|Any CPU
		{51D6429C-E66A-4EC0-8502-DEAA1C667F1A}.SingleImage|Any CPU.Build.0 = Release|Any CPU
		{0A5A6A5C-6976-43EF-95DA-D6CEE93968A6}.CD_ROM|Any CPU.ActiveCfg = Release|Any CPU
		{0A5A6A5C-6976-43EF-95DA-D6CEE93968A6}.CD_ROM|Any CPU.Build.0 = Release|Any CPU
		{0A5A6A5C-6976-43EF-95DA-D6CEE93968A6}.Debug|Any CPU.ActiveCfg = Debug|Any CPU
		{0A5A6A5C-6976-43EF-95DA-D6CEE93968A6}.Debug|Any CPU.Build.0 = Debug|Any CPU
		{0A5A6A5C-6976-43EF-95DA-D6CEE93968A6}.DVD-5|Any CPU.ActiveCfg = Debug|Any CPU
		{0A5A6A5C-6976-43EF-95DA-D6CEE93968A6}.DVD-5|Any CPU.Build.0 = Debug|Any CPU
		{0A5A6A5C-6976-43EF-95DA-D6CEE93968A6}.Release|Any CPU.ActiveCfg = Release|Any CPU
		{0A5A6A5C-6976-43EF-95DA-D6CEE93968A6}.Release|Any CPU.Build.0 = Release|Any CPU
		{0A5A6A5C-6976-43EF-95DA-D6CEE93968A6}.SingleImage|Any CPU.ActiveCfg = Release|Any CPU
		{0A5A6A5C-6976-43EF-95DA-D6CEE93968A6}.SingleImage|Any CPU.Build.0 = Release|Any CPU
		{D01A6BE8-6E10-484B-A1EC-93EA0D3174CC}.CD_ROM|Any CPU.ActiveCfg = Release|Any CPU
		{D01A6BE8-6E10-484B-A1EC-93EA0D3174CC}.CD_ROM|Any CPU.Build.0 = Release|Any CPU
		{D01A6BE8-6E10-484B-A1EC-93EA0D3174CC}.Debug|Any CPU.ActiveCfg = Debug|Any CPU
		{D01A6BE8-6E10-484B-A1EC-93EA0D3174CC}.Debug|Any CPU.Build.0 = Debug|Any CPU
		{D01A6BE8-6E10-484B-A1EC-93EA0D3174CC}.DVD-5|Any CPU.ActiveCfg = Debug|Any CPU
		{D01A6BE8-6E10-484B-A1EC-93EA0D3174CC}.DVD-5|Any CPU.Build.0 = Debug|Any CPU
		{D01A6BE8-6E10-484B-A1EC-93EA0D3174CC}.Release|Any CPU.ActiveCfg = Release|Any CPU
		{D01A6BE8-6E10-484B-A1EC-93EA0D3174CC}.Release|Any CPU.Build.0 = Release|Any CPU
		{D01A6BE8-6E10-484B-A1EC-93EA0D3174CC}.SingleImage|Any CPU.ActiveCfg = Release|Any CPU
		{D01A6BE8-6E10-484B-A1EC-93EA0D3174CC}.SingleImage|Any CPU.Build.0 = Release|Any CPU
	EndGlobalSection
	GlobalSection(SolutionProperties) = preSolution
		HideSolutionNode = FALSE
	EndGlobalSection
	GlobalSection(TestCaseManagementSettings) = postSolution
		CategoryFile = EsgynDBProvider.vsmdi
	EndGlobalSection
EndGlobal
